
Microsoft Visual Studio Solution File, Format Version 12.00
# Visual Studio Version 16
VisualStudioVersion = 16.0.29613.14
MinimumVisualStudioVersion = 10.0.40219.1
Project("{9A19103F-16F7-4668-BE54-9A1E7A4F7556}") = "Greeting", "Greeting\Greeting.csproj", "{E91C681B-503F-409A-9FFC-F7DEB9B4B8FB}"
EndProject
Project("{9A19103F-16F7-4668-BE54-9A1E7A4F7556}") = "Concatenate-Data", "Concatenate-Data\Concatenate-Data.csproj", "{D3FBBAEA-3581-40ED-BC51-61FD8DB23A3B}"
EndProject
Project("{9A19103F-16F7-4668-BE54-9A1E7A4F7556}") = "SquareArea", "SquareArea\SquareArea.csproj", "{7047A0BE-4D1C-4127-A765-405C09643DCA}"
EndProject
Project("{9A19103F-16F7-4668-BE54-9A1E7A4F7556}") = "Inches to cm", "Inches to cm\Inches to cm.csproj", "{289667D7-D2D8-49D5-B194-20205933ED02}"
EndProject
Project("{9A19103F-16F7-4668-BE54-9A1E7A4F7556}") = "Architect Project Creation", "Architect Project Creation\Architect Project Creation.csproj", "{2AA2DB5F-A59C-4938-8490-38E4B92E66EE}"
EndProject
Project("{9A19103F-16F7-4668-BE54-9A1E7A4F7556}") = "PetShop", "PetShop\PetShop.csproj", "{55C9210A-7880-437A-9C00-F750A2C0C098}"
EndProject
Project("{FAE04EC0-301F-11D3-BF4B-00C04F79EFBC}") = "Yard Greening", "Yard Greening\Yard Greening.csproj", "{DD41F111-9257-42E2-ACE5-094CE2D9AA72}"
EndProject
Global
	GlobalSection(SolutionConfigurationPlatforms) = preSolution
		Debug|Any CPU = Debug|Any CPU
		Release|Any CPU = Release|Any CPU
	EndGlobalSection
	GlobalSection(ProjectConfigurationPlatforms) = postSolution
		{E91C681B-503F-409A-9FFC-F7DEB9B4B8FB}.Debug|Any CPU.ActiveCfg = Debug|Any CPU
		{E91C681B-503F-409A-9FFC-F7DEB9B4B8FB}.Debug|Any CPU.Build.0 = Debug|Any CPU
		{E91C681B-503F-409A-9FFC-F7DEB9B4B8FB}.Release|Any CPU.ActiveCfg = Release|Any CPU
		{E91C681B-503F-409A-9FFC-F7DEB9B4B8FB}.Release|Any CPU.Build.0 = Release|Any CPU
		{D3FBBAEA-3581-40ED-BC51-61FD8DB23A3B}.Debug|Any CPU.ActiveCfg = Debug|Any CPU
		{D3FBBAEA-3581-40ED-BC51-61FD8DB23A3B}.Debug|Any CPU.Build.0 = Debug|Any CPU
		{D3FBBAEA-3581-40ED-BC51-61FD8DB23A3B}.Release|Any CPU.ActiveCfg = Release|Any CPU
		{D3FBBAEA-3581-40ED-BC51-61FD8DB23A3B}.Release|Any CPU.Build.0 = Release|Any CPU
		{7047A0BE-4D1C-4127-A765-405C09643DCA}.Debug|Any CPU.ActiveCfg = Debug|Any CPU
		{7047A0BE-4D1C-4127-A765-405C09643DCA}.Debug|Any CPU.Build.0 = Debug|Any CPU
		{7047A0BE-4D1C-4127-A765-405C09643DCA}.Release|Any CPU.ActiveCfg = Release|Any CPU
		{7047A0BE-4D1C-4127-A765-405C09643DCA}.Release|Any CPU.Build.0 = Release|Any CPU
		{289667D7-D2D8-49D5-B194-20205933ED02}.Debug|Any CPU.ActiveCfg = Debug|Any CPU
		{289667D7-D2D8-49D5-B194-20205933ED02}.Debug|Any CPU.Build.0 = Debug|Any CPU
		{289667D7-D2D8-49D5-B194-20205933ED02}.Release|Any CPU.ActiveCfg = Release|Any CPU
		{289667D7-D2D8-49D5-B194-20205933ED02}.Release|Any CPU.Build.0 = Release|Any CPU
		{2AA2DB5F-A59C-4938-8490-38E4B92E66EE}.Debug|Any CPU.ActiveCfg = Debug|Any CPU
		{2AA2DB5F-A59C-4938-8490-38E4B92E66EE}.Debug|Any CPU.Build.0 = Debug|Any CPU
		{2AA2DB5F-A59C-4938-8490-38E4B92E66EE}.Release|Any CPU.ActiveCfg = Release|Any CPU
		{2AA2DB5F-A59C-4938-8490-38E4B92E66EE}.Release|Any CPU.Build.0 = Release|Any CPU
		{55C9210A-7880-437A-9C00-F750A2C0C098}.Debug|Any CPU.ActiveCfg = Debug|Any CPU
		{55C9210A-7880-437A-9C00-F750A2C0C098}.Debug|Any CPU.Build.0 = Debug|Any CPU
		{55C9210A-7880-437A-9C00-F750A2C0C098}.Release|Any CPU.ActiveCfg = Release|Any CPU
		{55C9210A-7880-437A-9C00-F750A2C0C098}.Release|Any CPU.Build.0 = Release|Any CPU
		{DD41F111-9257-42E2-ACE5-094CE2D9AA72}.Debug|Any CPU.ActiveCfg = Debug|Any CPU
		{DD41F111-9257-42E2-ACE5-094CE2D9AA72}.Debug|Any CPU.Build.0 = Debug|Any CPU
		{DD41F111-9257-42E2-ACE5-094CE2D9AA72}.Release|Any CPU.ActiveCfg = Release|Any CPU
		{DD41F111-9257-42E2-ACE5-094CE2D9AA72}.Release|Any CPU.Build.0 = Release|Any CPU
	EndGlobalSection
	GlobalSection(SolutionProperties) = preSolution
		HideSolutionNode = FALSE
	EndGlobalSection
	GlobalSection(ExtensibilityGlobals) = postSolution
		SolutionGuid = {BDCFC4C3-9776-4049-8903-B2CA73806526}
	EndGlobalSection
EndGlobal
